github.com/99designs/go-keychain v0.0.0-20191008050251-8e49817e8af4 h1:/vQbFIOMbk2FiG/kXiLl8BRyzTWDw7gX/Hz7Dd5eDMs=
github.com/99designs/go-keychain v0.0.0-20191008050251-8e49817e8af4/go.mod h1:hN7oaIRCjzsZ2dE+yG5k+rsdt3qcwykqK6HVGcKwsw4=
github.com/99designs/keyring v1.2.1 h1:tYLp1ULvO7i3fI5vE21ReQuj99QFSs7lGm0xWyJo87o=
github.com/99designs/keyring v1.2.1/go.mod h1:fc+wB5KTk9wQ9sDx0kFXB3A0MaeGHM9AwRStKOQ5vOA=
github.com/AthenZ/athenz v1.10.39 h1:mtwHTF/v62ewY2Z5KWhuZgVXftBej1/Tn80zx4DcawY=
github.com/AthenZ/athenz v1.10.39/go.mod h1:3Tg8HLsiQZp81BJY58JBeU2BR6B/H4/0MQGfCwhHNEA=
github.com/BurntSushi/toml v0.3.1/go.mod h1:xHWCNGjB5oqiDr8zfno3MHue2Ht5sIBksp03qcyfWMU=
github.com/DataDog/zstd v1.5.0 h1:+K/VEwIAaPcHiMtQvpLD4lqW7f0Gk3xdYZmI1hD+CXo=
github.com/DataDog/zstd v1.5.0/go.mod h1:g4AWEaM3yOg3HYfnJ3YIawPnVdXJh9QME85blwSAmyw=
github.com/apache/pulsar-client-go v0.11.0 h1:fniyVbewAOcMSMLwxzhdrCFmFTorCW40jfnmQVcsrJw=
github.com/apache/pulsar-client-go v0.11.0/go.mod h1:FoijqJwgjroSKptIWp1vvK1CXs8dXnQiL8I+MHOri4A=
github.com/ardielle/ardielle-go v1.5.2 h1:TilHTpHIQJ27R1Tl/iITBzMwiUGSlVfiVhwDNGM3Zj4=
github.com/ardielle/ardielle-go v1.5.2/go.mod h1:I4hy1n795cUhaVt/ojz83SNVCYIGsAFAONtv2Dr7HUI=
github.com/ardielle/ardielle-tools v1.5.4/go.mod h1:oZN+JRMnqGiIhrzkRN9l26Cej9dEx4jeNG6A+AdkShk=
github.com/aws/aws-sdk-go v1.32.6/go.mod h1:5zCpMtNQVjRREroY7sYe8lOMRSxkhG6MZveU8YkpAk0=
github.com/beorn7/perks v1.0.1 h1:VlbKKnNfV8bJzeqoa4cOKqO6bYr3WgKZxO8Z16+hsOM=
github.com/beorn7/perks v1.0.1/go.mod h1:G2ZrVWU2WbWT9wwq4/hrbKbnv/1ERSJQ0ibhJ6rlkpw=
github.com/bits-and-blooms/bitset v1.4.0 h1:+YZ8ePm+He2pU3dZlIZiOeAKfrBkXi1lSrXJ/Xzgbu8=
github.com/bits-and-blooms/bitset v1.4.0/go.mod h1:gIdJ4wp64HaoK2YrL1Q5/N7Y16edYb8uY+O0FJTyyDA=
github.com/cespare/xxhash/v2 v2.2.0 h1:DC2CZ1Ep5Y4k3ZQ899DldepgrayRUGE6BBZ/cd9Cj44=
github.com/cespare/xxhash/v2 v2.2.0/go.mod h1:VGX0DQ3Q6kWi7AoAeZDth3/j3BFtOZR5XLFGgcrjCOs=
github.com/danieljoos/wincred v1.1.2 h1:QLdCxFs1/Yl4zduvBdcHB8goaYk9RARS2SgLLRuAyr0=
github.com/danieljoos/wincred v1.1.2/go.mod h1:GijpziifJoIBfYh+S7BbkdUTU4LfM+QnGqR5Vl2tAx0=
github.com/davecgh/go-spew v1.1.0/go.mod h1:J7Y8YcW2NihsgmVo/mv3lAwl/skON4iLHjSsI+c5H38=
github.com/davecgh/go-spew v1.1.1 h1:vj9j/u1bqnvCEfJOwUhtlOARqs3+rkHYY13jYWTU97c=
github.com/davecgh/go-spew v1.1.1/go.mod h1:J7Y8YcW2NihsgmVo/mv3lAwl/skON4iLHjSsI+c5H38=
github.com/dimfeld/httptreemux v5.0.1+incompatible h1:Qj3gVcDNoOthBAqftuD596rm4wg/adLLz5xh5CmpiCA=
github.com/dimfeld/httptreemux v5.0.1+incompatible/go.mod h1:rbUlSV+CCpv/SuqUTP/8Bk2O3LyUV436/yaRGkhP6Z0=
github.com/dvsekhvalnov/jose2go v1.5.0 h1:3j8ya4Z4kMCwT5nXIKFSV84YS+HdqSSO0VsTQxaLAeM=
github.com/dvsekhvalnov/jose2go v1.5.0/go.mod h1:QsHjhyTlD/lAVqn/NSbVZmSCGeDehTB/mPZadG+mhXU=
github.com/fsnotify/fsnotify v1.4.9 h1:hsms1Qyu0jgnwNXIxa+/V/PDsU6CfLf6CNO8H7IWoS4=
github.com/go-sql-driver/mysql v1.5.0/go.mod h1:DCzpHaOWr8IXmIStZouvnhqoel9Qv2LBy8hT2VhHyBg=
github.com/godbus/dbus v0.0.0-20190726142602-4481cbc300e2 h1:ZpnhV/YsD2/4cESfV5+Hoeu/iUR3ruzNvZ+yQfO03a0=
github.com/godbus/dbus v0.0.0-20190726142602-4481cbc300e2/go.mod h1:bBOAhwG1umN6/6ZUMtDFBMQR8jRg9O75tm9K00oMsK4=
github.com/golang-jwt/jwt v3.2.1+incompatible h1:73Z+4BJcrTC+KczS6WvTPvRGOp1WmfEP4Q1lOd9Z/+c=
github.com/golang-jwt/jwt v3.2.1+incompatible/go.mod h1:8pz2t5EyA70fFQQSrl6XZXzqecmYZeUEB8OUGHkxJ+I=
github.com/golang/mock v1.4.3/go.mod h1:UOMv5ysSaYNkG+OFQykRIcU/QvvxJf3p21QfJ2Bt3cw=
github.com/golang/protobuf v1.2.0/go.mod h1:6lQm79b+lXiMfvg/cZm0SGofjICqVBUtrP5yJMmIC1U=
github.com/golang/protobuf v1.3.1/go.mod h1:6lQm79b+lXiMfvg/cZm0SGofjICqVBUtrP5yJMmIC1U=
github.com/golang/protobuf v1.5.0/go.mod h1:FsONVRAS9T7sI+LIUmWTfcYkHO4aIWwzhcaSAoJOfIk=
github.com/golang/protobuf v1.5.3 h1:KhyjKVUg7Usr/dYsdSqoFveMYd5ko72D+zANwlG1mmg=
github.com/golang/protobuf v1.5.3/go.mod h1:XVQd3VNwM+JqD3oG2Ue2ip4fOMUkwXdXDdiuN0vRsmY=
github.com/golang/snappy v0.0.1 h1:Qgr9rKW7uDUkrbSmQeiDsGa8SjGyCOGtuasMWwvp2P4=
github.com/golang/snappy v0.0.1/go.mod h1:/XxbfmMg8lxefKM7IXC3fBNl/7bRcc72aCRzEWrmP2Q=
github.com/google/go-cmp v0.5.1/go.mod h1:v8dTdLbMG2kIc/vJvl+f65V22dbkXbowE6jgT/gNBxE=
github.com/google/go-cmp v0.5.5/go.mod h1:v8dTdLbMG2kIc/vJvl+f65V22dbkXbowE6jgT/gNBxE=
github.com/google/go-cmp v0.5.9 h1:O2Tfq5qg4qc4AmwVlvv0oLiVAGB7enBSJ2x2DqQFi38=
github.com/google/uuid v1.3.0 h1:t6JiXgmwXMjEs8VusXIJk2BXHsn+wx8BZdTaoZ5fu7I=
github.com/gorilla/mux v1.7.4/go.mod h1:DVbg23sWSpFRCP0SfiEN6jmj59UnW/n46BH5rLB71So=
github.com/gsterjov/go-libsecret v0.0.0-20161001094733-a6f4afe4910c h1:6rhixN/i8ZofjG1Y75iExal34USq5p+wiN1tpie8IrU=
github.com/gsterjov/go-libsecret v0.0.0-20161001094733-a6f4afe4910c/go.mod h1:NMPJylDgVpX0MLRlPy15sqSwOFv/U1GZ2m21JhFfek0=
github.com/jawher/mow.cli v1.0.4/go.mod h1:5hQj2V8g+qYmLUVWqu4Wuja1pI57M83EChYLVZ0sMKk=
github.com/jawher/mow.cli v1.2.0/go.mod h1:y+pcA3jBAdo/GIZx/0rFjw/K2bVEODP9rfZOfaiq8Ko=
github.com/jmespath/go-jmespath v0.3.0/go.mod h1:9QtRXoHjLGCJ5IBSaohpXITPlowMeeYCZ7fLUTSywik=
github.com/klauspost/compress v1.14.4 h1:eijASRJcobkVtSt81Olfh7JX43osYLwy5krOJo6YEu4=
github.com/klauspost/compress v1.14.4/go.mod h1:/3/Vjq9QcHkK5uEr5lBEmyoZ1iFhe47etQ6QUkpK6sk=
github.com/kr/pretty v0.2.0/go.mod h1:ipq/a2n7PKx3OHsz4KJII5eveXtPO4qwEXGdVfWzfnI=
github.com/kr/pretty v0.3.1 h1:flRD4NNwYAUpkphVc1HcthR4KEIFJ65n8Mw5qdRn3LE=
github.com/kr/pty v1.1.1/go.mod h1:pFQYn66WHrOpPYNljwOMqo10TkYh1fy3cYio2l3bCsQ=
github.com/kr/text v0.1.0 h1:45sCR5RtlFHMR4UwH9sdQ5TC8v0qDQCHnXt+kaKSTVE=
github.com/kr/text v0.1.0/go.mod h1:4Jbv+DJW3UT/LiOwJeYQe1efqtUx/iVham/4vfdArNI=
github.com/linkedin/goavro/v2 v2.9.8 h1:jN50elxBsGBDGVDEKqUlDuU1cFwJ11K/yrJCBMe/7Wg=
github.com/linkedin/goavro/v2 v2.9.8/go.mod h1:UgQUb2N/pmueQYH9bfqFioWxzYCZXSfF8Jw03O5sjqA=
github.com/matttproud/golang_protobuf_extensions v1.0.4 h1:mmDVorXM7PCGKw94cs5zkfA9PSy5pEvNWRP0ET0TIVo=
github.com/matttproud/golang_protobuf_extensions v1.0.4/go.mod h1:BSXmuO+STAnVfrANrmjBb36TMTDstsz7MSK+HVaYKv4=
github.com/mtibben/percent v0.2.1 h1:5gssi8Nqo8QU/r2pynCm+hBQHpkB/uNK7BJCFogWdzs=
github.com/mtibben/percent v0.2.1/go.mod h1:KG9uO+SZkUp+VkRHsCdYQV3XSZrrSpR3O9ibNBTZrns=
github.com/niemeyer/pretty v0.0.0-20200227124842-a10e7caefd8e/go.mod h1:zD1mROLANZcx1PVRCS0qkT7pwLkGfwJo4zjcN/Tysno=
github.com/nxadm/tail v1.4.8 h1:nPr65rt6Y5JFSKQO7qToXr7pePgD6Gwiw05lkbyAQTE=
github.com/onsi/ginkgo v1.16.5 h1:8xi0RTUf59SOSfEtZMvwTvXYMzG4gV23XVHOZiXNtnE=
github.com/onsi/gomega v1.19.0 h1:4ieX6qQjPP/BfC3mpsAtIGGlxTWPeA3Inl/7DtXw1tw=
github.com/pierrec/lz4 v2.0.5+incompatible h1:2xWsjqPFWcplujydGg4WmhC/6fZqK42wMM8aXeqhl0I=
github.com/pierrec/lz4 v2.0.5+incompatible/go.mod h1:pdkljMzZIN41W+lC3N2tnIh5sFi+IEE17M5jbnwPHcY=
github.com/pkg/errors v0.9.1 h1:FEBLx1zS214owpjy7qsBeixbURkuhQAwrK5UwLGTwt4=
github.com/pkg/errors v0.9.1/go.mod h1:bwawxfHBFNV+L2hUp1rHADufV3IMtnDRdf1r5NINEl0=
github.com/pmezard/go-difflib v1.0.0 h1:4DBwDE0NGyQoBHbLQYPwSUPoCMWR5BEzIk/f1lZbAQM=
github.com/pmezard/go-difflib v1.0.0/go.mod h1:iKH77koFhYxTK1pcRnkKkqfTogsbg7gZNVY4sRDYZ/4=
github.com/prometheus/client_golang v1.16.0 h1:yk/hx9hDbrGHovbci4BY+pRMfSuuat626eFsHb7tmT8=
github.com/prometheus/client_golang v1.16.0/go.mod h1:Zsulrv/L9oM40tJ7T815tM89lFEugiJ9HzIqaAx4LKc=
github.com/prometheus/client_model v0.4.0 h1:5lQXD3cAg1OXBf4Wq03gTrXHeaV0TQvGfUooCfx1yqY=
github.com/prometheus/client_model v0.4.0/go.mod h1:oMQmHW1/JoDwqLtg57MGgP/Fb1CJEYF2imWWhWtMkYU=
github.com/prometheus/common v0.42.0 h1:EKsfXEYo4JpWMHH5cg+KOUWeuJSov1Id8zGR8eeI1YM=
github.com/prometheus/common v0.42.0/go.mod h1:xBwqVerjNdUDjgODMpudtOMwlOwf2SaTr1yjz4b7Zbc=
github.com/prometheus/procfs v0.10.1 h1:kYK1Va/YMlutzCGazswoHKo//tZVlFpKYh+PymziUAg=
github.com/prometheus/procfs v0.10.1/go.mod h1:nwNm2aOCAYw8uTR/9bWRREkZFxAUcWzPHWJq+XBB/FM=
github.com/rogpeppe/go-internal v1.11.0 h1:cWPaGQEPrBb5/AsnsZesgZZ9yb1OQ+GOISoDNXVBh4M=
github.com/rogpeppe/go-internal v1.11.0/go.mod h1:ddIwULY96R17DhadqLgMfk9H9tvdUzkipdSkR5nkCZA=
github.com/sirupsen/logrus v1.9.3 h1:dueUQJ1C2q9oE3F7wvmSGAaVtTmUizReu6fjN8uqzbQ=
github.com/sirupsen/logrus v1.9.3/go.mod h1:naHLuLoDiP4jHNo9R0sCBMtWGeIprob74mVsIT4qYEQ=
github.com/spaolacci/murmur3 v1.1.0 h1:7c1g84S4BPRrfL5Xrdp6fOJ206sU9y293DDHaoy0bLI=
github.com/spaolacci/murmur3 v1.1.0/go.mod h1:JwIasOWyU6f++ZhiEuf87xNszmSA2myDM2Kzu9HwQUA=
github.com/stretchr/objx v0.1.0/go.mod h1:HFkY916IF+rwdDfMAkV7OtwuqBVzrE8GR6GFx+wExME=
github.com/stretchr/objx v0.2.0/go.mod h1:qt09Ya8vawLte6SNmTgCsAVtYtaKzEcn8ATUoHMkEqE=
github.com/stretchr/objx v0.5.0 h1:1zr/of2m5FGMsad5YfcqgdqdWrIhu+EBEJRhR1U7z/c=
github.com/stretchr/testify v1.3.0/go.mod h1:M5WIy9Dh21IEIfnGCwXGc5bZfKNJtfHm1UVUgZn+9EI=
github.com/stretchr/testify v1.4.0/go.mod h1:j7eGeouHqKxXV5pUuKE4zz7dFj8WfuZ+81PSLYec5m4=
github.com/stretchr/testify v1.5.1/go.mod h1:5W2xD1RspED5o8YsWQXVCued0rvSQ+mT+I5cxcmMvtA=
github.com/stretchr/testify v1.7.0/go.mod h1:6Fq8oRcR53rry900zMqJjRRixrwX3KX962/h/Wwjteg=
github.com/stretchr/testify v1.8.4 h1:CcVxjf3Q8PM0mHUKJCdn+eZZtm5yQwehR5yeSVQQcUk=
github.com/stretchr/testify v1.8.4/go.mod h1:sz/lmYIOXD/1dqDmKjjqLyZ2RngseejIcXlSw2iwfAo=
go.uber.org/atomic v1.7.0 h1:ADUqmZGgLDDfbSL9ZmPxKTybcoEYHgpYfELNoN+7hsw=
go.uber.org/atomic v1.7.0/go.mod h1:fEN4uk6kAWBTFdckzkM89CLk9XfWZrxpCo0nPH17wJc=
golang.org/x/crypto v0.0.0-20190308221718-c2843e01d9a2/go.mod h1:djNgcEr1/C05ACkg1iLfiJU5Ep61QUkGW8qpdssI0+w=
golang.org/x/crypto v0.0.0-20190701094942-4def268fd1a4/go.mod h1:yigFU9vqHzYiE8UmvKecakEJjdnWj3jj499lnFckfCI=
golang.org/x/mod v0.9.0 h1:KENHtAZL2y3NLMYZeHY9DW8HW8V+kQyJsY/V9JlKvCs=
golang.org/x/mod v0.9.0/go.mod h1:iBbtSCu2XBx23ZKBPSOrRkjjQPZFPuis4dIYUhu/chs=
golang.org/x/net v0.0.0-20190311183353-d8887717615a/go.mod h1:t9HGtf8HONx5eT2rtn7q6eTqICYqUVnKs3thJo3Qplg=
golang.org/x/net v0.0.0-20190404232315-eb5bcb51f2a3/go.mod h1:t9HGtf8HONx5eT2rtn7q6eTqICYqUVnKs3thJo3Qplg=
golang.org/x/net v0.0.0-20190603091049-60506f45cf65/go.mod h1:HSz+uSET+XFnRR8LxR5pz3Of3rY3CfYBVs4xY44aLks=
golang.org/x/net v0.0.0-20200202094626-16171245cfb2/go.mod h1:z5CRVTTTmAJ677TzLLGU+0bjPO0LkuOLi4/5GtJWs/s=
golang.org/x/net v0.0.0-20210726213435-c6fcb2dbf985/go.mod h1:9nx3DQGgdP8bBQD5qxJ1jj9UTztislL4KSBs9R2vV5Y=
golang.org/x/net v0.9.0 h1:aWJ/m6xSmxWBx+V0XRHTlrYrPG56jKsLdTFmsSsCzOM=
golang.org/x/net v0.9.0/go.mod h1:d48xBJpPfHeWQsugry2m+kC02ZBRGRgulfHnEXEuWns=
golang.org/x/oauth2 v0.7.0 h1:qe6s0zUXlPX80/dITx3440hWZ7GwMwgDDyrSGTPJG/g=
golang.org/x/oauth2 v0.7.0/go.mod h1:hPLQkd9LyjfXTiRohC/41GhcFqxisoUQ99sCUOHO9x4=
golang.org/x/sync v0.0.0-20181221193216-37e7f081c4d4/go.mod h1:RxMgew5VJxzue5/jJTE5uejpjVlOe/izrB70Jof72aM=
golang.org/x/sync v0.0.0-20190423024810-112230192c58/go.mod h1:RxMgew5VJxzue5/jJTE5uejpjVlOe/izrB70Jof72aM=
golang.org/x/sys v0.0.0-20190215142949-d0b11bdaac8a/go.mod h1:STP8DvDyc/dI5b8T5hshtkjS+E42TnysNCUPdjciGhY=
golang.org/x/sys v0.0.0-20190412213103-97732733099d/go.mod h1:h1NjWce9XRLGQEsW7wpKNCjG9DtNlClVuFLEZdDNbEs=
golang.org/x/sys v0.0.0-20201119102817-f84b799fce68/go.mod h1:h1NjWce9XRLGQEsW7wpKNCjG9DtNlClVuFLEZdDNbEs=
golang.org/x/sys v0.0.0-20210423082822-04245dca01da/go.mod h1:h1NjWce9XRLGQEsW7wpKNCjG9DtNlClVuFLEZdDNbEs=
golang.org/x/sys v0.0.0-20210819135213-f52c844e1c1c/go.mod h1:oPkhp1MJrh7nUepCBck5+mAzfO9JrbApNNgaTdGDITg=
golang.org/x/sys v0.0.0-20220715151400-c0bba94af5f8/go.mod h1:oPkhp1MJrh7nUepCBck5+mAzfO9JrbApNNgaTdGDITg=
golang.org/x/sys v0.8.0 h1:EBmGv8NaZBZTWvrbjNoL6HVt+IVy3QDQpJs7VRIw3tU=
golang.org/x/sys v0.8.0/go.mod h1:oPkhp1MJrh7nUepCBck5+mAzfO9JrbApNNgaTdGDITg=
golang.org/x/term v0.0.0-20201126162022-7de9c90e9dd1/go.mod h1:bj7SfCRtBDWHUb9snDiAeCFNEtKQo2Wmx5Cou7ajbmo=
golang.org/x/term v0.7.0 h1:BEvjmm5fURWqcfbSKTdpkDXYBrUS1c0m8agp14W48vQ=
golang.org/x/term v0.7.0/go.mod h1:P32HKFT3hSsZrRxla30E9HqToFYAQPCMs/zFMBUFqPY=
golang.org/x/text v0.0.0-20170915032832-14c0d48ead0c/go.mod h1:NqM8EUOU14njkJ3fqMW+pc6Ldnwhi/IjpwHt7yyuwOQ=
golang.org/x/text v0.3.0/go.mod h1:NqM8EUOU14njkJ3fqMW+pc6Ldnwhi/IjpwHt7yyuwOQ=
golang.org/x/text v0.3.2/go.mod h1:bEr9sfX3Q8Zfm5fL9x+3itogRgK3+ptLWKqgva+5dAk=
golang.org/x/text v0.3.6/go.mod h1:5Zoc/QRtKVWzQhOtBMvqHzDpF6irO9z98xDceosuGiQ=
golang.org/x/text v0.9.0 h1:2sjJmO8cDvYveuX97RDLsxlyUxLl+GHoLxBiRdHllBE=
golang.org/x/text v0.9.0/go.mod h1:e1OnstbJyHTd6l/uOt8jFFHp6TRDWZR/bV3emEE/zU8=
golang.org/x/tools v0.0.0-20180917221912-90fa682c2a6e/go.mod h1:n7NCudcB/nEzxVGmLbDWY5pfWTLqBcC2KZ6jyYvM4mQ=
golang.org/x/tools v0.0.0-20190425150028-36563e24a262/go.mod h1:RgjU9mgBXZiqYHBnxXauZ1Gv1EHHAz9KjViQ78xBX0Q=
golang.org/x/xerrors v0.0.0-20191204190536-9bdfabe68543/go.mod h1:I/5z698sn9Ka8TeJc9MKroUUfqBBauWjQqLJ2OPfmY0=
google.golang.org/appengine v1.6.7 h1:FZR1q0exgwxzPzp/aF+VccGrSfxfPpkBqjIIEq3ru6c=
google.golang.org/appengine v1.6.7/go.mod h1:8WjMMxjGQR8xUklV/ARdw2HLXBOI7O7uCIDZVag1xfc=
google.golang.org/genproto/googleapis/rpc v0.0.0-20230525234030-28d5490b6b19 h1:0nDDozoAU19Qb2HwhXadU8OcsiO/09cnTqhUtq2MEOM=
google.golang.org/genproto/googleapis/rpc v0.0.0-20230525234030-28d5490b6b19/go.mod h1:66JfowdXAEgad5O9NnYcsNPLCPZJD++2L9X0PCMODrA=
google.golang.org/grpc v1.57.0 h1:kfzNeI/klCGD2YPMUlaGNT3pxvYfga7smW3Vth8Zsiw=
google.golang.org/grpc v1.57.0/go.mod h1:Sd+9RMTACXwmub0zcNY2c4arhtrbBYD1AUHI/dt16Mo=
google.golang.org/protobuf v1.26.0-rc.1/go.mod h1:jlhhOSvTdKEhbULTjvd4ARK9grFBp09yW+WbY/TyQbw=
google.golang.org/protobuf v1.26.0/go.mod h1:9q0QmTI4eRPtz6boOQmLYwt+qCgq0jsYwAQnmE0givc=
google.golang.org/protobuf v1.31.0 h1:g0LDEJHgrBl9N9r17Ru3sqWhkIx2NB67okBHPwC7hs8=
google.golang.org/protobuf v1.31.0/go.mod h1:HV8QOd/L58Z+nl8r43ehVNZIU/HEI6OcFqwMG9pJV4I=
gopkg.in/check.v1 v0.0.0-20161208181325-20d25e280405/go.mod h1:Co6ibVJAznAaIkqp8huTwlJQCZ016jof/cbN4VW5Yz0=
gopkg.in/check.v1 v1.0.0-20190902080502-41f04d3bba15/go.mod h1:Co6ibVJAznAaIkqp8huTwlJQCZ016jof/cbN4VW5Yz0=
gopkg.in/check.v1 v1.0.0-20200902074654-038fdea0a05b/go.mod h1:Co6ibVJAznAaIkqp8huTwlJQCZ016jof/cbN4VW5Yz0=
gopkg.in/check.v1 v1.0.0-20201130134442-10cb98267c6c h1:Hei/4ADfdWqJk1ZMxUNpqntNwaWcugrBjAiHlqqRiVk=
gopkg.in/natefinch/lumberjack.v2 v2.0.0/go.mod h1:l0ndWWf7gzL7RNwBG7wST/UCcT4T24xpD6X8LsfU/+k=
gopkg.in/square/go-jose.v2 v2.4.1/go.mod h1:M9dMgbHiYLoDGQrXy7OpJDJWiKiU//h+vD76mk0e1AI=
gopkg.in/tomb.v1 v1.0.0-20141024135613-dd632973f1e7 h1:uRGJdciOHaEIrze2W8Q3AKkepLTh2hOroT7a+7czfdQ=
gopkg.in/yaml.v2 v2.2.2/go.mod h1:hI93XBmqTisBFMUTm0b8Fm+jr3Dg1NNxqwp+5A1VGuI=
gopkg.in/yaml.v2 v2.2.5/go.mod h1:hI93XBmqTisBFMUTm0b8Fm+jr3Dg1NNxqwp+5A1VGuI=
gopkg.in/yaml.v2 v2.3.0/go.mod h1:hI93XBmqTisBFMUTm0b8Fm+jr3Dg1NNxqwp+5A1VGuI=
gopkg.in/yaml.v2 v2.4.0 h1:D8xgwECY7CYvx+Y2n4sBz93Jn9JRvxdiyyo8CTfuKaY=
gopkg.in/yaml.v2 v2.4.0/go.mod h1:RDklbk79AGWmwhnvt/jBztapEOGDOx6ZbXqjP6csGnQ=
gopkg.in/yaml.v3 v3.0.0-20200313102051-9f266ea9e77c/go.mod h1:K4uyk7z7BCEPqu6E+C64Yfv1cQ7kz7rIZviUmN+EgEM=
gopkg.in/yaml.v3 v3.0.1 h1:fxVm/GzAzEWqLHuvctI91KS9hhNmmWOoWu0XTYJS7CA=
gopkg.in/yaml.v3 v3.0.1/go.mod h1:K4uyk7z7BCEPqu6E+C64Yfv1cQ7kz7rIZviUmN+EgEM=
rsc.io/quote/v3 v3.1.0/go.mod h1:yEA65RcK8LyAZtP9Kv3t0HmxON59tX3rD+tICJqUlj0=
rsc.io/sampler v1.3.0/go.mod h1:T1hPZKmBbMNahiBKFy5HrXp6adAjACjK9JXDnKaTXpA=
