# This file is autogenerated, do not edit; changes may be undone by the next 'dep ensure'.


[[projects]]
  branch = "master"
  name = "github.com/mattn/go-pointer"
  packages = ["."]
  revision = "1d30dc4b6f28271a3bd126071d4d0363e618415b"

[solve-meta]
  analyzer-name = "dep"
  analyzer-version = 1
  inputs-digest = "b4a19ee3f2924c9d8cf3e6cf1039d61ca2ab0ec769bb21437787e59d7b26cc75"
  solver-name = "gps-cdcl"
  solver-version = 1
